// !$*UTF8*$!
{
	archiveVersion = 1;
	classes = {
	};
	objectVersion = 46;
	objects = {

/* Begin PBXBuildFile section */
		9775FE921CF4D490004B2EC5 /* main.m in Sources */ = {isa = PBXBuildFile; fileRef = 9775FE911CF4D490004B2EC5 /* main.m */; };
		9775FE951CF4D490004B2EC5 /* AppDelegate.m in Sources */ = {isa = PBXBuildFile; fileRef = 9775FE941CF4D490004B2EC5 /* AppDelegate.m */; };
		9775FE9B1CF4D490004B2EC5 /* Main.storyboard in Resources */ = {isa = PBXBuildFile; fileRef = 9775FE991CF4D490004B2EC5 /* Main.storyboard */; };
		9775FE9D1CF4D490004B2EC5 /* Assets.xcassets in Resources */ = {isa = PBXBuildFile; fileRef = 9775FE9C1CF4D490004B2EC5 /* Assets.xcassets */; };
		9775FEA01CF4D490004B2EC5 /* LaunchScreen.storyboard in Resources */ = {isa = PBXBuildFile; fileRef = 9775FE9E1CF4D490004B2EC5 /* LaunchScreen.storyboard */; };
		9775FEA91CF4D8AA004B2EC5 /* MovieTableViewController.m in Sources */ = {isa = PBXBuildFile; fileRef = 9775FEA81CF4D8AA004B2EC5 /* MovieTableViewController.m */; };
		9775FEAC1CF4DA84004B2EC5 /* MovieCell.m in Sources */ = {isa = PBXBuildFile; fileRef = 9775FEAB1CF4DA84004B2EC5 /* MovieCell.m */; };
		9775FEAF1CF51BEB004B2EC5 /* MovieDetailsViewController.m in Sources */ = {isa = PBXBuildFile; fileRef = 9775FEAE1CF51BEB004B2EC5 /* MovieDetailsViewController.m */; };
		9775FEB21CF51DBF004B2EC5 /* Movie.m in Sources */ = {isa = PBXBuildFile; fileRef = 9775FEB11CF51DBF004B2EC5 /* Movie.m */; };
		C6765D64DBE30CB0B1E99BEF /* libPods-RottenMangoes.a in Frameworks */ = {isa = PBXBuildFile; fileRef = FD6D62E530FDCF8A79A433E4 /* libPods-RottenMangoes.a */; };
/* End PBXBuildFile section */

/* Begin PBXFileReference section */
		29F034C46A0F243C71B88684 /* Pods-RottenMangoes.debug.xcconfig */ = {isa = PBXFileReference; includeInIndex = 1; lastKnownFileType = text.xcconfig; name = "Pods-RottenMangoes.debug.xcconfig"; path = "Pods/Target Support Files/Pods-RottenMangoes/Pods-RottenMangoes.debug.xcconfig"; sourceTree = "<group>"; };
		9775FE8D1CF4D490004B2EC5 /* RottenMangoes.app */ = {isa = PBXFileReference; explicitFileType = wrapper.application; includeInIndex = 0; path = RottenMangoes.app; sourceTree = BUILT_PRODUCTS_DIR; };
		9775FE911CF4D490004B2EC5 /* main.m */ = {isa = PBXFileReference; lastKnownFileType = sourcecode.c.objc; path = main.m; sourceTree = "<group>"; };
		9775FE931CF4D490004B2EC5 /* AppDelegate.h */ = {isa = PBXFileReference; lastKnownFileType = sourcecode.c.h; path = AppDelegate.h; sourceTree = "<group>"; };
		9775FE941CF4D490004B2EC5 /* AppDelegate.m */ = {isa = PBXFileReference; lastKnownFileType = sourcecode.c.objc; path = AppDelegate.m; sourceTree = "<group>"; };
		9775FE9A1CF4D490004B2EC5 /* Base */ = {isa = PBXFileReference; lastKnownFileType = file.storyboard; name = Base; path = Base.lproj/Main.storyboard; sourceTree = "<group>"; };
		9775FE9C1CF4D490004B2EC5 /* Assets.xcassets */ = {isa = PBXFileReference; lastKnownFileType = folder.assetcatalog; path = Assets.xcassets; sourceTree = "<group>"; };
		9775FE9F1CF4D490004B2EC5 /* Base */ = {isa = PBXFileReference; lastKnownFileType = file.storyboard; name = Base; path = Base.lproj/LaunchScreen.storyboard; sourceTree = "<group>"; };
		9775FEA11CF4D490004B2EC5 /* Info.plist */ = {isa = PBXFileReference; lastKnownFileType = text.plist.xml; path = Info.plist; sourceTree = "<group>"; };
		9775FEA71CF4D8AA004B2EC5 /* MovieTableViewController.h */ = {isa = PBXFileReference; fileEncoding = 4; lastKnownFileType = sourcecode.c.h; name = MovieTableViewController.h; path = ../MovieTableViewController.h; sourceTree = "<group>"; };
		9775FEA81CF4D8AA004B2EC5 /* MovieTableViewController.m */ = {isa = PBXFileReference; fileEncoding = 4; lastKnownFileType = sourcecode.c.objc; name = MovieTableViewController.m; path = ../MovieTableViewController.m; sourceTree = "<group>"; };
		9775FEAA1CF4DA84004B2EC5 /* MovieCell.h */ = {isa = PBXFileReference; fileEncoding = 4; lastKnownFileType = sourcecode.c.h; path = MovieCell.h; sourceTree = "<group>"; };
		9775FEAB1CF4DA84004B2EC5 /* MovieCell.m */ = {isa = PBXFileReference; fileEncoding = 4; lastKnownFileType = sourcecode.c.objc; path = MovieCell.m; sourceTree = "<group>"; };
		9775FEAD1CF51BEB004B2EC5 /* MovieDetailsViewController.h */ = {isa = PBXFileReference; fileEncoding = 4; lastKnownFileType = sourcecode.c.h; path = MovieDetailsViewController.h; sourceTree = "<group>"; };
		9775FEAE1CF51BEB004B2EC5 /* MovieDetailsViewController.m */ = {isa = PBXFileReference; fileEncoding = 4; lastKnownFileType = sourcecode.c.objc; path = MovieDetailsViewController.m; sourceTree = "<group>"; };
		9775FEB01CF51DBF004B2EC5 /* Movie.h */ = {isa = PBXFileReference; fileEncoding = 4; lastKnownFileType = sourcecode.c.h; path = Movie.h; sourceTree = "<group>"; };
		9775FEB11CF51DBF004B2EC5 /* Movie.m */ = {isa = PBXFileReference; fileEncoding = 4; lastKnownFileType = sourcecode.c.objc; path = Movie.m; sourceTree = "<group>"; };
		D72C335A78C759C653033DA8 /* Pods-RottenMangoes.release.xcconfig */ = {isa = PBXFileReference; includeInIndex = 1; lastKnownFileType = text.xcconfig; name = "Pods-RottenMangoes.release.xcconfig"; path = "Pods/Target Support Files/Pods-RottenMangoes/Pods-RottenMangoes.release.xcconfig"; sourceTree = "<group>"; };
		FD6D62E530FDCF8A79A433E4 /* libPods-RottenMangoes.a */ = {isa = PBXFileReference; explicitFileType = archive.ar; includeInIndex = 0; path = "libPods-RottenMangoes.a"; sourceTree = BUILT_PRODUCTS_DIR; };
/* End PBXFileReference section */

/* Begin PBXFrameworksBuildPhase section */
		9775FE8A1CF4D490004B2EC5 /* Frameworks */ = {
			isa = PBXFrameworksBuildPhase;
			buildActionMask = 2147483647;
			files = (
				C6765D64DBE30CB0B1E99BEF /* libPods-RottenMangoes.a in Frameworks */,
			);
			runOnlyForDeploymentPostprocessing = 0;
		};
/* End PBXFrameworksBuildPhase section */

/* Begin PBXGroup section */
		9775FE841CF4D490004B2EC5 = {
			isa = PBXGroup;
			children = (
				9775FE8F1CF4D490004B2EC5 /* RottenMangoes */,
				9775FE8E1CF4D490004B2EC5 /* Products */,
				A9C3408F2A41CBEE5988FCF2 /* Pods */,
				AA7AB46509A3CF62B74AD934 /* Frameworks */,
			);
			sourceTree = "<group>";
		};
		9775FE8E1CF4D490004B2EC5 /* Products */ = {
			isa = PBXGroup;
			children = (
				9775FE8D1CF4D490004B2EC5 /* RottenMangoes.app */,
			);
			name = Products;
			sourceTree = "<group>";
		};
		9775FE8F1CF4D490004B2EC5 /* RottenMangoes */ = {
			isa = PBXGroup;
			children = (
				9775FEA71CF4D8AA004B2EC5 /* MovieTableViewController.h */,
				9775FEA81CF4D8AA004B2EC5 /* MovieTableViewController.m */,
				9775FEB01CF51DBF004B2EC5 /* Movie.h */,
				9775FEB11CF51DBF004B2EC5 /* Movie.m */,
				9775FE931CF4D490004B2EC5 /* AppDelegate.h */,
				9775FE941CF4D490004B2EC5 /* AppDelegate.m */,
				9775FE991CF4D490004B2EC5 /* Main.storyboard */,
				9775FEAD1CF51BEB004B2EC5 /* MovieDetailsViewController.h */,
				9775FEAE1CF51BEB004B2EC5 /* MovieDetailsViewController.m */,
				9775FEAA1CF4DA84004B2EC5 /* MovieCell.h */,
				9775FEAB1CF4DA84004B2EC5 /* MovieCell.m */,
				9775FE9C1CF4D490004B2EC5 /* Assets.xcassets */,
				9775FE9E1CF4D490004B2EC5 /* LaunchScreen.storyboard */,
				9775FEA11CF4D490004B2EC5 /* Info.plist */,
				9775FE901CF4D490004B2EC5 /* Supporting Files */,
			);
			path = RottenMangoes;
			sourceTree = "<group>";
		};
		9775FE901CF4D490004B2EC5 /* Supporting Files */ = {
			isa = PBXGroup;
			children = (
				9775FE911CF4D490004B2EC5 /* main.m */,
			);
			name = "Supporting Files";
			sourceTree = "<group>";
		};
		A9C3408F2A41CBEE5988FCF2 /* Pods */ = {
			isa = PBXGroup;
			children = (
				29F034C46A0F243C71B88684 /* Pods-RottenMangoes.debug.xcconfig */,
				D72C335A78C759C653033DA8 /* Pods-RottenMangoes.release.xcconfig */,
			);
			name = Pods;
			sourceTree = "<group>";
		};
		AA7AB46509A3CF62B74AD934 /* Frameworks */ = {
			isa = PBXGroup;
			children = (
				FD6D62E530FDCF8A79A433E4 /* libPods-RottenMangoes.a */,
			);
			name = Frameworks;
			sourceTree = "<group>";
		};
/* End PBXGroup section */

/* Begin PBXNativeTarget section */
		9775FE8C1CF4D490004B2EC5 /* RottenMangoes */ = {
			isa = PBXNativeTarget;
			buildConfigurationList = 9775FEA41CF4D490004B2EC5 /* Build configuration list for PBXNativeTarget "RottenMangoes" */;
			buildPhases = (
				8BACA7918FBA12864340CC20 /* 📦 Check Pods Manifest.lock */,
				9775FE891CF4D490004B2EC5 /* Sources */,
				9775FE8A1CF4D490004B2EC5 /* Frameworks */,
				9775FE8B1CF4D490004B2EC5 /* Resources */,
				7C09D4AEC2A0A98BAC020557 /* 📦 Embed Pods Frameworks */,
				E75E757C5611BFD51B08C58D /* 📦 Copy Pods Resources */,
			);
			buildRules = (
			);
			dependencies = (
			);
			name = RottenMangoes;
			productName = RottenMangoes;
			productReference = 9775FE8D1CF4D490004B2EC5 /* RottenMangoes.app */;
			productType = "com.apple.product-type.application";
		};
/* End PBXNativeTarget section */

/* Begin PBXProject section */
		9775FE851CF4D490004B2EC5 /* Project object */ = {
			isa = PBXProject;
			attributes = {
				LastUpgradeCheck = 0730;
				ORGANIZATIONNAME = "Amer Justice";
				TargetAttributes = {
					9775FE8C1CF4D490004B2EC5 = {
						CreatedOnToolsVersion = 7.3;
					};
				};
			};
			buildConfigurationList = 9775FE881CF4D490004B2EC5 /* Build configuration list for PBXProject "RottenMangoes" */;
			compatibilityVersion = "Xcode 3.2";
			developmentRegion = English;
			hasScannedForEncodings = 0;
			knownRegions = (
				en,
				Base,
			);
			mainGroup = 9775FE841CF4D490004B2EC5;
			productRefGroup = 9775FE8E1CF4D490004B2EC5 /* Products */;
			projectDirPath = "";
			projectRoot = "";
			targets = (
				9775FE8C1CF4D490004B2EC5 /* RottenMangoes */,
			);
		};
/* End PBXProject section */

/* Begin PBXResourcesBuildPhase section */
		9775FE8B1CF4D490004B2EC5 /* Resources */ = {
			isa = PBXResourcesBuildPhase;
			buildActionMask = 2147483647;
			files = (
				9775FEA01CF4D490004B2EC5 /* LaunchScreen.storyboard in Resources */,
				9775FE9D1CF4D490004B2EC5 /* Assets.xcassets in Resources */,
				9775FE9B1CF4D490004B2EC5 /* Main.storyboard in Resources */,
			);
			runOnlyForDeploymentPostprocessing = 0;
		};
/* End PBXResourcesBuildPhase section */

/* Begin PBXShellScriptBuildPhase section */
		7C09D4AEC2A0A98BAC020557 /* 📦 Embed Pods Frameworks */ = {
			isa = PBXShellScriptBuildPhase;
			buildActionMask = 2147483647;
			files = (
			);
			inputPaths = (
			);
			name = "📦 Embed Pods Frameworks";
			outputPaths = (
			);
			runOnlyForDeploymentPostprocessing = 0;
			shellPath = /bin/sh;
			shellScript = "\"${SRCROOT}/Pods/Target Support Files/Pods-RottenMangoes/Pods-RottenMangoes-frameworks.sh\"\n";
			showEnvVarsInLog = 0;
		};
		8BACA7918FBA12864340CC20 /* 📦 Check Pods Manifest.lock */ = {
			isa = PBXShellScriptBuildPhase;
			buildActionMask = 2147483647;
			files = (
			);
			inputPaths = (
			);
			name = "📦 Check Pods Manifest.lock";
			outputPaths = (
			);
			runOnlyForDeploymentPostprocessing = 0;
			shellPath = /bin/sh;
			shellScript = "diff \"${PODS_ROOT}/../Podfile.lock\" \"${PODS_ROOT}/Manifest.lock\" > /dev/null\nif [[ $? != 0 ]] ; then\n    cat << EOM\nerror: The sandbox is not in sync with the Podfile.lock. Run 'pod install' or update your CocoaPods installation.\nEOM\n    exit 1\nfi\n";
			showEnvVarsInLog = 0;
		};
		E75E757C5611BFD51B08C58D /* 📦 Copy Pods Resources */ = {
			isa = PBXShellScriptBuildPhase;
			buildActionMask = 2147483647;
			files = (
			);
			inputPaths = (
			);
			name = "📦 Copy Pods Resources";
			outputPaths = (
			);
			runOnlyForDeploymentPostprocessing = 0;
			shellPath = /bin/sh;
			shellScript = "\"${SRCROOT}/Pods/Target Support Files/Pods-RottenMangoes/Pods-RottenMangoes-resources.sh\"\n";
			showEnvVarsInLog = 0;
		};
/* End PBXShellScriptBuildPhase section */

/* Begin PBXSourcesBuildPhase section */
		9775FE891CF4D490004B2EC5 /* Sources */ = {
			isa = PBXSourcesBuildPhase;
			buildActionMask = 2147483647;
			files = (
				9775FEB21CF51DBF004B2EC5 /* Movie.m in Sources */,
				9775FEAF1CF51BEB004B2EC5 /* MovieDetailsViewController.m in Sources */,
				9775FE951CF4D490004B2EC5 /* AppDelegate.m in Sources */,
				9775FE921CF4D490004B2EC5 /* main.m in Sources */,
				9775FEAC1CF4DA84004B2EC5 /* MovieCell.m in Sources */,
				9775FEA91CF4D8AA004B2EC5 /* MovieTableViewController.m in Sources */,
			);
			runOnlyForDeploymentPostprocessing = 0;
		};
/* End PBXSourcesBuildPhase section */

/* Begin PBXVariantGroup section */
		9775FE991CF4D490004B2EC5 /* Main.storyboard */ = {
			isa = PBXVariantGroup;
			children = (
				9775FE9A1CF4D490004B2EC5 /* Base */,
			);
			name = Main.storyboard;
			sourceTree = "<group>";
		};
		9775FE9E1CF4D490004B2EC5 /* LaunchScreen.storyboard */ = {
			isa = PBXVariantGroup;
			children = (
				9775FE9F1CF4D490004B2EC5 /* Base */,
			);
			name = LaunchScreen.storyboard;
			sourceTree = "<group>";
		};
/* End PBXVariantGroup section */

/* Begin XCBuildConfiguration section */
		9775FEA21CF4D490004B2EC5 /* Debug */ = {
			isa = XCBuildConfiguration;
			buildSettings = {
				ALWAYS_SEARCH_USER_PATHS = NO;
				CLANG_ANALYZER_NONNULL = YES;
				CLANG_CXX_LANGUAGE_STANDARD = "gnu++0x";
				CLANG_CXX_LIBRARY = "libc++";
				CLANG_ENABLE_MODULES = YES;
				CLANG_ENABLE_OBJC_ARC = YES;
				CLANG_WARN_BOOL_CONVERSION = YES;
				CLANG_WARN_CONSTANT_CONVERSION = YES;
				CLANG_WARN_DIRECT_OBJC_ISA_USAGE = YES_ERROR;
				CLANG_WARN_EMPTY_BODY = YES;
				CLANG_WARN_ENUM_CONVERSION = YES;
				CLANG_WARN_INT_CONVERSION = YES;
				CLANG_WARN_OBJC_ROOT_CLASS = YES_ERROR;
				CLANG_WARN_UNREACHABLE_CODE = YES;
				CLANG_WARN__DUPLICATE_METHOD_MATCH = YES;
				"CODE_SIGN_IDENTITY[sdk=iphoneos*]" = "iPhone Developer";
				COPY_PHASE_STRIP = NO;
				DEBUG_INFORMATION_FORMAT = dwarf;
				ENABLE_STRICT_OBJC_MSGSEND = YES;
				ENABLE_TESTABILITY = YES;
				GCC_C_LANGUAGE_STANDARD = gnu99;
				GCC_DYNAMIC_NO_PIC = NO;
				GCC_NO_COMMON_BLOCKS = YES;
				GCC_OPTIMIZATION_LEVEL = 0;
				GCC_PREPROCESSOR_DEFINITIONS = (
					"DEBUG=1",
					"$(inherited)",
				);
				GCC_WARN_64_TO_32_BIT_CONVERSION = YES;
				GCC_WARN_ABOUT_RETURN_TYPE = YES_ERROR;
				GCC_WARN_UNDECLARED_SELECTOR = YES;
				GCC_WARN_UNINITIALIZED_AUTOS = YES_AGGRESSIVE;
				GCC_WARN_UNUSED_FUNCTION = YES;
				GCC_WARN_UNUSED_VARIABLE = YES;
				IPHONEOS_DEPLOYMENT_TARGET = 9.3;
				MTL_ENABLE_DEBUG_INFO = YES;
				ONLY_ACTIVE_ARCH = YES;
				SDKROOT = iphoneos;
			};
			name = Debug;
		};
		9775FEA31CF4D490004B2EC5 /* Release */ = {
			isa = XCBuildConfiguration;
			buildSettings = {
				ALWAYS_SEARCH_USER_PATHS = NO;
				CLANG_ANALYZER_NONNULL = YES;
				CLANG_CXX_LANGUAGE_STANDARD = "gnu++0x";
				CLANG_CXX_LIBRARY = "libc++";
				CLANG_ENABLE_MODULES = YES;
				CLANG_ENABLE_OBJC_ARC = YES;
				CLANG_WARN_BOOL_CONVERSION = YES;
				CLANG_WARN_CONSTANT_CONVERSION = YES;
				CLANG_WARN_DIRECT_OBJC_ISA_USAGE = YES_ERROR;
				CLANG_WARN_EMPTY_BODY = YES;
				CLANG_WARN_ENUM_CONVERSION = YES;
				CLANG_WARN_INT_CONVERSION = YES;
				CLANG_WARN_OBJC_ROOT_CLASS = YES_ERROR;
				CLANG_WARN_UNREACHABLE_CODE = YES;
				CLANG_WARN__DUPLICATE_METHOD_MATCH = YES;
				"CODE_SIGN_IDENTITY[sdk=iphoneos*]" = "iPhone Developer";
				COPY_PHASE_STRIP = NO;
				DEBUG_INFORMATION_FORMAT = "dwarf-with-dsym";
				ENABLE_NS_ASSERTIONS = NO;
				ENABLE_STRICT_OBJC_MSGSEND = YES;
				GCC_C_LANGUAGE_STANDARD = gnu99;
				GCC_NO_COMMON_BLOCKS = YES;
				GCC_WARN_64_TO_32_BIT_CONVERSION = YES;
				GCC_WARN_ABOUT_RETURN_TYPE = YES_ERROR;
				GCC_WARN_UNDECLARED_SELECTOR = YES;
				GCC_WARN_UNINITIALIZED_AUTOS = YES_AGGRESSIVE;
				GCC_WARN_UNUSED_FUNCTION = YES;
				GCC_WARN_UNUSED_VARIABLE = YES;
				IPHONEOS_DEPLOYMENT_TARGET = 9.3;
				MTL_ENABLE_DEBUG_INFO = NO;
				SDKROOT = iphoneos;
				VALIDATE_PRODUCT = YES;
			};
			name = Release;
		};
		9775FEA51CF4D490004B2EC5 /* Debug */ = {
			isa = XCBuildConfiguration;
			baseConfigurationReference = 29F034C46A0F243C71B88684 /* Pods-RottenMangoes.debug.xcconfig */;
			buildSettings = {
				ASSETCATALOG_COMPILER_APPICON_NAME = AppIcon;
				INFOPLIST_FILE = RottenMangoes/Info.plist;
				LD_RUNPATH_SEARCH_PATHS = "$(inherited) @executable_path/Frameworks";
				PRODUCT_BUNDLE_IDENTIFIER = amerjustice.RottenMangoes;
				PRODUCT_NAME = "$(TARGET_NAME)";
			};
			name = Debug;
		};
		9775FEA61CF4D490004B2EC5 /* Release */ = {
			isa = XCBuildConfiguration;
			baseConfigurationReference = D72C335A78C759C653033DA8 /* Pods-RottenMangoes.release.xcconfig */;
			buildSettings = {
				ASSETCATALOG_COMPILER_APPICON_NAME = AppIcon;
				INFOPLIST_FILE = RottenMangoes/Info.plist;
				LD_RUNPATH_SEARCH_PATHS = "$(inherited) @executable_path/Frameworks";
				PRODUCT_BUNDLE_IDENTIFIER = amerjustice.RottenMangoes;
				PRODUCT_NAME = "$(TARGET_NAME)";
			};
			name = Release;
		};
/* End XCBuildConfiguration section */

/* Begin XCConfigurationList section */
		9775FE881CF4D490004B2EC5 /* Build configuration list for PBXProject "RottenMangoes" */ = {
			isa = XCConfigurationList;
			buildConfigurations = (
				9775FEA21CF4D490004B2EC5 /* Debug */,
				9775FEA31CF4D490004B2EC5 /* Release */,
			);
			defaultConfigurationIsVisible = 0;
			defaultConfigurationName = Release;
		};
		9775FEA41CF4D490004B2EC5 /* Build configuration list for PBXNativeTarget "RottenMangoes" */ = {
			isa = XCConfigurationList;
			buildConfigurations = (
				9775FEA51CF4D490004B2EC5 /* Debug */,
				9775FEA61CF4D490004B2EC5 /* Release */,
			);
			defaultConfigurationIsVisible = 0;
			defaultConfigurationName = Release;
		};
/* End XCConfigurationList section */
	};
	rootObject = 9775FE851CF4D490004B2EC5 /* Project object */;
}
